
Microsoft Visual Studio Solution File, Format Version 12.00
# Visual Studio Version 17
VisualStudioVersion = 17.1.32407.343
MinimumVisualStudioVersion = 10.0.40219.1
Project("{8BC9CEB8-8B4A-11D0-8D11-00A0C91BC942}") = "5.2b", "5.2b\5.2b.vcxproj", "{4307492B-5EAB-472C-B465-7981F05BE7C1}"
EndProject
Project("{8BC9CEB8-8B4A-11D0-8D11-00A0C91BC942}") = "UnitTest1", "UnitTest1\UnitTest1.vcxproj", "{89E0E64D-0AF6-45FE-BFDA-C7ED622C6BCE}"
EndProject
Global
	GlobalSection(SolutionConfigurationPlatforms) = preSolution
		Debug|x64 = Debug|x64
		Debug|x86 = Debug|x86
		Release|x64 = Release|x64
		Release|x86 = Release|x86
	EndGlobalSection
	GlobalSection(ProjectConfigurationPlatforms) = postSolution
		{4307492B-5EAB-472C-B465-7981F05BE7C1}.Debug|x64.ActiveCfg = Debug|x64
		{4307492B-5EAB-472C-B465-7981F05BE7C1}.Debug|x64.Build.0 = Debug|x64
		{4307492B-5EAB-472C-B465-7981F05BE7C1}.Debug|x86.ActiveCfg = Debug|Win32
		{4307492B-5EAB-472C-B465-7981F05BE7C1}.Debug|x86.Build.0 = Debug|Win32
		{4307492B-5EAB-472C-B465-7981F05BE7C1}.Release|x64.ActiveCfg = Release|x64
		{4307492B-5EAB-472C-B465-7981F05BE7C1}.Release|x64.Build.0 = Release|x64
		{4307492B-5EAB-472C-B465-7981F05BE7C1}.Release|x86.ActiveCfg = Release|Win32
		{4307492B-5EAB-472C-B465-7981F05BE7C1}.Release|x86.Build.0 = Release|Win32
		{89E0E64D-0AF6-45FE-BFDA-C7ED622C6BCE}.Debug|x64.ActiveCfg = Debug|x64
		{89E0E64D-0AF6-45FE-BFDA-C7ED622C6BCE}.Debug|x64.Build.0 = Debug|x64
		{89E0E64D-0AF6-45FE-BFDA-C7ED622C6BCE}.Debug|x86.ActiveCfg = Debug|Win32
		{89E0E64D-0AF6-45FE-BFDA-C7ED622C6BCE}.Debug|x86.Build.0 = Debug|Win32
		{89E0E64D-0AF6-45FE-BFDA-C7ED622C6BCE}.Release|x64.ActiveCfg = Release|x64
		{89E0E64D-0AF6-45FE-BFDA-C7ED622C6BCE}.Release|x64.Build.0 = Release|x64
		{89E0E64D-0AF6-45FE-BFDA-C7ED622C6BCE}.Release|x86.ActiveCfg = Release|Win32
		{89E0E64D-0AF6-45FE-BFDA-C7ED622C6BCE}.Release|x86.Build.0 = Release|Win32
	EndGlobalSection
	GlobalSection(SolutionProperties) = preSolution
		HideSolutionNode = FALSE
	EndGlobalSection
	GlobalSection(ExtensibilityGlobals) = postSolution
		SolutionGuid = {6FD8A43D-B6D8-4AA7-B273-BA363D8D467F}
	EndGlobalSection
EndGlobal
